
Microsoft Visual Studio Solution File, Format Version 12.00
# Visual Studio 15
VisualStudioVersion = 15.0.26730.16
MinimumVisualStudioVersion = 10.0.40219.1
Project("{FAE04EC0-301F-11D3-BF4B-00C04F79EFBC}") = "WPR.YardiRestoreTask", "ConsoleApp1\WPR.YardiRestoreTask.csproj", "{055A6AC4-2339-4EF6-905C-AEE3131E16E3}"
EndProject
Project("{151D2E53-A2C4-4D7D-83FE-D05416EBD58E}") = "WPR.Azure.YardiSQL", "WPR.POC\WPR.Azure.YardiSQL.deployproj", "{9E748761-C310-462F-AF4E-EEEFAEC222AA}"
EndProject
Project("{151D2E53-A2C4-4D7D-83FE-D05416EBD58E}") = "WPR.Azure.SQLVM", "WPR.Azure.SQLVM\WPR.Azure.SQLVM.deployproj", "{7453FC5A-65B7-402E-8620-6A04BDA88361}"
EndProject
Project("{151D2E53-A2C4-4D7D-83FE-D05416EBD58E}") = "WPR.Azure.VNet", "WPR.Azure.VNet\WPR.Azure.VNet.deployproj", "{43B8BA0F-61C6-40A9-AC09-908266172C47}"
EndProject
Project("{2150E333-8FDC-42A3-9474-1A3956D46DE8}") = "tools", "tools", "{AE0CEFCD-5C3F-493D-AEB5-64D4B0CC7E83}"
	ProjectSection(SolutionItems) = preProject
		tools\SqlPackage.CommandLine\Microsoft.Data.Tools.Contracts.dll = tools\SqlPackage.CommandLine\Microsoft.Data.Tools.Contracts.dll
		tools\SqlPackage.CommandLine\Microsoft.Data.Tools.Schema.Sql.dll = tools\SqlPackage.CommandLine\Microsoft.Data.Tools.Schema.Sql.dll
		tools\SqlPackage.CommandLine\Microsoft.Data.Tools.Schema.Tasks.Sql.dll = tools\SqlPackage.CommandLine\Microsoft.Data.Tools.Schema.Tasks.Sql.dll
		tools\SqlPackage.CommandLine\Microsoft.Data.Tools.Schema.Utilities.Sql.dll = tools\SqlPackage.CommandLine\Microsoft.Data.Tools.Schema.Utilities.Sql.dll
		tools\SqlPackage.CommandLine\Microsoft.Data.Tools.Utilities.dll = tools\SqlPackage.CommandLine\Microsoft.Data.Tools.Utilities.dll
		tools\SqlPackage.CommandLine\Microsoft.SqlServer.Dac.dll = tools\SqlPackage.CommandLine\Microsoft.SqlServer.Dac.dll
		tools\SqlPackage.CommandLine\Microsoft.SqlServer.Dac.Extensions.dll = tools\SqlPackage.CommandLine\Microsoft.SqlServer.Dac.Extensions.dll
		tools\SqlPackage.CommandLine\Microsoft.SqlServer.TransactSql.ScriptDom.dll = tools\SqlPackage.CommandLine\Microsoft.SqlServer.TransactSql.ScriptDom.dll
		tools\SqlPackage.CommandLine\sqlpackage.exe = tools\SqlPackage.CommandLine\sqlpackage.exe
		tools\SqlPackage.CommandLine\sqlpackage.exe.config = tools\SqlPackage.CommandLine\sqlpackage.exe.config
	EndProjectSection
EndProject
Global
	GlobalSection(SolutionConfigurationPlatforms) = preSolution
		Debug|Any CPU = Debug|Any CPU
		Release|Any CPU = Release|Any CPU
	EndGlobalSection
	GlobalSection(ProjectConfigurationPlatforms) = postSolution
		{055A6AC4-2339-4EF6-905C-AEE3131E16E3}.Debug|Any CPU.ActiveCfg = Debug|Any CPU
		{055A6AC4-2339-4EF6-905C-AEE3131E16E3}.Debug|Any CPU.Build.0 = Debug|Any CPU
		{055A6AC4-2339-4EF6-905C-AEE3131E16E3}.Release|Any CPU.ActiveCfg = Release|Any CPU
		{055A6AC4-2339-4EF6-905C-AEE3131E16E3}.Release|Any CPU.Build.0 = Release|Any CPU
		{9E748761-C310-462F-AF4E-EEEFAEC222AA}.Debug|Any CPU.ActiveCfg = Debug|Any CPU
		{9E748761-C310-462F-AF4E-EEEFAEC222AA}.Debug|Any CPU.Build.0 = Debug|Any CPU
		{9E748761-C310-462F-AF4E-EEEFAEC222AA}.Release|Any CPU.ActiveCfg = Release|Any CPU
		{9E748761-C310-462F-AF4E-EEEFAEC222AA}.Release|Any CPU.Build.0 = Release|Any CPU
		{7453FC5A-65B7-402E-8620-6A04BDA88361}.Debug|Any CPU.ActiveCfg = Debug|Any CPU
		{7453FC5A-65B7-402E-8620-6A04BDA88361}.Debug|Any CPU.Build.0 = Debug|Any CPU
		{7453FC5A-65B7-402E-8620-6A04BDA88361}.Release|Any CPU.ActiveCfg = Release|Any CPU
		{7453FC5A-65B7-402E-8620-6A04BDA88361}.Release|Any CPU.Build.0 = Release|Any CPU
		{43B8BA0F-61C6-40A9-AC09-908266172C47}.Debug|Any CPU.ActiveCfg = Debug|Any CPU
		{43B8BA0F-61C6-40A9-AC09-908266172C47}.Debug|Any CPU.Build.0 = Debug|Any CPU
		{43B8BA0F-61C6-40A9-AC09-908266172C47}.Release|Any CPU.ActiveCfg = Release|Any CPU
		{43B8BA0F-61C6-40A9-AC09-908266172C47}.Release|Any CPU.Build.0 = Release|Any CPU
	EndGlobalSection
	GlobalSection(SolutionProperties) = preSolution
		HideSolutionNode = FALSE
	EndGlobalSection
	GlobalSection(ExtensibilityGlobals) = postSolution
		SolutionGuid = {5A5B29BE-3D1E-4652-B2B0-E82EC5BA2E41}
	EndGlobalSection
EndGlobal
